// !$*UTF8*$!
{
	archiveVersion = 1;
	classes = {
	};
	objectVersion = 46;
	objects = {

/* Begin PBXBuildFile section */
		CDED79251A4FF49400F53C4E /* AppDelegate.swift in Sources */ = {isa = PBXBuildFile; fileRef = CDED79241A4FF49400F53C4E /* AppDelegate.swift */; };
		CDED79271A4FF49400F53C4E /* ViewController.swift in Sources */ = {isa = PBXBuildFile; fileRef = CDED79261A4FF49400F53C4E /* ViewController.swift */; };
		CDED792A1A4FF49500F53C4E /* Main.storyboard in Resources */ = {isa = PBXBuildFile; fileRef = CDED79281A4FF49500F53C4E /* Main.storyboard */; };
		CDED792C1A4FF49500F53C4E /* Images.xcassets in Resources */ = {isa = PBXBuildFile; fileRef = CDED792B1A4FF49500F53C4E /* Images.xcassets */; };
		CDED792F1A4FF49500F53C4E /* LaunchScreen.xib in Resources */ = {isa = PBXBuildFile; fileRef = CDED792D1A4FF49500F53C4E /* LaunchScreen.xib */; };
		CDED793B1A4FF49500F53C4E /* Todo_ListTests.swift in Sources */ = {isa = PBXBuildFile; fileRef = CDED793A1A4FF49500F53C4E /* Todo_ListTests.swift */; };
/* End PBXBuildFile section */

/* Begin PBXContainerItemProxy section */
		CDED79351A4FF49500F53C4E /* PBXContainerItemProxy */ = {
			isa = PBXContainerItemProxy;
			containerPortal = CDED79171A4FF49200F53C4E /* Project object */;
			proxyType = 1;
			remoteGlobalIDString = CDED791E1A4FF49300F53C4E;
			remoteInfo = "Todo List";
		};
/* End PBXContainerItemProxy section */

/* Begin PBXFileReference section */
		CDED791F1A4FF49400F53C4E /* Todo List.app */ = {isa = PBXFileReference; explicitFileType = wrapper.application; includeInIndex = 0; path = "Todo List.app"; sourceTree = BUILT_PRODUCTS_DIR; };
		CDED79231A4FF49400F53C4E /* Info.plist */ = {isa = PBXFileReference; lastKnownFileType = text.plist.xml; path = Info.plist; sourceTree = "<group>"; };
		CDED79241A4FF49400F53C4E /* AppDelegate.swift */ = {isa = PBXFileReference; lastKnownFileType = sourcecode.swift; path = AppDelegate.swift; sourceTree = "<group>"; };
		CDED79261A4FF49400F53C4E /* ViewController.swift */ = {isa = PBXFileReference; lastKnownFileType = sourcecode.swift; path = ViewController.swift; sourceTree = "<group>"; };
		CDED79291A4FF49500F53C4E /* Base */ = {isa = PBXFileReference; lastKnownFileType = file.storyboard; name = Base; path = Base.lproj/Main.storyboard; sourceTree = "<group>"; };
		CDED792B1A4FF49500F53C4E /* Images.xcassets */ = {isa = PBXFileReference; lastKnownFileType = folder.assetcatalog; path = Images.xcassets; sourceTree = "<group>"; };
		CDED792E1A4FF49500F53C4E /* Base */ = {isa = PBXFileReference; lastKnownFileType = file.xib; name = Base; path = Base.lproj/LaunchScreen.xib; sourceTree = "<group>"; };
		CDED79341A4FF49500F53C4E /* Todo ListTests.xctest */ = {isa = PBXFileReference; explicitFileType = wrapper.cfbundle; includeInIndex = 0; path = "Todo ListTests.xctest"; sourceTree = BUILT_PRODUCTS_DIR; };
		CDED79391A4FF49500F53C4E /* Info.plist */ = {isa = PBXFileReference; lastKnownFileType = text.plist.xml; path = Info.plist; sourceTree = "<group>"; };
		CDED793A1A4FF49500F53C4E /* Todo_ListTests.swift */ = {isa = PBXFileReference; lastKnownFileType = sourcecode.swift; path = Todo_ListTests.swift; sourceTree = "<group>"; };
/* End PBXFileReference section */

/* Begin PBXFrameworksBuildPhase section */
		CDED791C1A4FF49300F53C4E /* Frameworks */ = {
			isa = PBXFrameworksBuildPhase;
			buildActionMask = 2147483647;
			files = (
			);
			runOnlyForDeploymentPostprocessing = 0;
		};
		CDED79311A4FF49500F53C4E /* Frameworks */ = {
			isa = PBXFrameworksBuildPhase;
			buildActionMask = 2147483647;
			files = (
			);
			runOnlyForDeploymentPostprocessing = 0;
		};
/* End PBXFrameworksBuildPhase section */

/* Begin PBXGroup section */
		CDED79161A4FF49200F53C4E = {
			isa = PBXGroup;
			children = (
				CDED79211A4FF49400F53C4E /* Todo List */,
				CDED79371A4FF49500F53C4E /* Todo ListTests */,
				CDED79201A4FF49400F53C4E /* Products */,
			);
			sourceTree = "<group>";
		};
		CDED79201A4FF49400F53C4E /* Products */ = {
			isa = PBXGroup;
			children = (
				CDED791F1A4FF49400F53C4E /* Todo List.app */,
				CDED79341A4FF49500F53C4E /* Todo ListTests.xctest */,
			);
			name = Products;
			sourceTree = "<group>";
		};
		CDED79211A4FF49400F53C4E /* Todo List */ = {
			isa = PBXGroup;
			children = (
				CDED79241A4FF49400F53C4E /* AppDelegate.swift */,
				CDED79261A4FF49400F53C4E /* ViewController.swift */,
				CDED79281A4FF49500F53C4E /* Main.storyboard */,
				CDED792B1A4FF49500F53C4E /* Images.xcassets */,
				CDED792D1A4FF49500F53C4E /* LaunchScreen.xib */,
				CDED79221A4FF49400F53C4E /* Supporting Files */,
			);
			path = "Todo List";
			sourceTree = "<group>";
		};
		CDED79221A4FF49400F53C4E /* Supporting Files */ = {
			isa = PBXGroup;
			children = (
				CDED79231A4FF49400F53C4E /* Info.plist */,
			);
			name = "Supporting Files";
			sourceTree = "<group>";
		};
		CDED79371A4FF49500F53C4E /* Todo ListTests */ = {
			isa = PBXGroup;
			children = (
				CDED793A1A4FF49500F53C4E /* Todo_ListTests.swift */,
				CDED79381A4FF49500F53C4E /* Supporting Files */,
			);
			path = "Todo ListTests";
			sourceTree = "<group>";
		};
		CDED79381A4FF49500F53C4E /* Supporting Files */ = {
			isa = PBXGroup;
			children = (
				CDED79391A4FF49500F53C4E /* Info.plist */,
			);
			name = "Supporting Files";
			sourceTree = "<group>";
		};
/* End PBXGroup section */

/* Begin PBXNativeTarget section */
		CDED791E1A4FF49300F53C4E /* Todo List */ = {
			isa = PBXNativeTarget;
			buildConfigurationList = CDED793E1A4FF49500F53C4E /* Build configuration list for PBXNativeTarget "Todo List" */;
			buildPhases = (
				CDED791B1A4FF49300F53C4E /* Sources */,
				CDED791C1A4FF49300F53C4E /* Frameworks */,
				CDED791D1A4FF49300F53C4E /* Resources */,
			);
			buildRules = (
			);
			dependencies = (
			);
			name = "Todo List";
			productName = "Todo List";
			productReference = CDED791F1A4FF49400F53C4E /* Todo List.app */;
			productType = "com.apple.product-type.application";
		};
		CDED79331A4FF49500F53C4E /* Todo ListTests */ = {
			isa = PBXNativeTarget;
			buildConfigurationList = CDED79411A4FF49500F53C4E /* Build configuration list for PBXNativeTarget "Todo ListTests" */;
			buildPhases = (
				CDED79301A4FF49500F53C4E /* Sources */,
				CDED79311A4FF49500F53C4E /* Frameworks */,
				CDED79321A4FF49500F53C4E /* Resources */,
			);
			buildRules = (
			);
			dependencies = (
				CDED79361A4FF49500F53C4E /* PBXTargetDependency */,
			);
			name = "Todo ListTests";
			productName = "Todo ListTests";
			productReference = CDED79341A4FF49500F53C4E /* Todo ListTests.xctest */;
			productType = "com.apple.product-type.bundle.unit-test";
		};
/* End PBXNativeTarget section */

/* Begin PBXProject section */
		CDED79171A4FF49200F53C4E /* Project object */ = {
			isa = PBXProject;
			attributes = {
				LastUpgradeCheck = 0610;
				ORGANIZATIONNAME = "Arjun Brar";
				TargetAttributes = {
					CDED791E1A4FF49300F53C4E = {
						CreatedOnToolsVersion = 6.1.1;
					};
					CDED79331A4FF49500F53C4E = {
						CreatedOnToolsVersion = 6.1.1;
						TestTargetID = CDED791E1A4FF49300F53C4E;
					};
				};
			};
			buildConfigurationList = CDED791A1A4FF49300F53C4E /* Build configuration list for PBXProject "Todo List" */;
			compatibilityVersion = "Xcode 3.2";
			developmentRegion = English;
			hasScannedForEncodings = 0;
			knownRegions = (
				en,
				Base,
			);
			mainGroup = CDED79161A4FF49200F53C4E;
			productRefGroup = CDED79201A4FF49400F53C4E /* Products */;
			projectDirPath = "";
			projectRoot = "";
			targets = (
				CDED791E1A4FF49300F53C4E /* Todo List */,
				CDED79331A4FF49500F53C4E /* Todo ListTests */,
			);
		};
/* End PBXProject section */

/* Begin PBXResourcesBuildPhase section */
		CDED791D1A4FF49300F53C4E /* Resources */ = {
			isa = PBXResourcesBuildPhase;
			buildActionMask = 2147483647;
			files = (
				CDED792A1A4FF49500F53C4E /* Main.storyboard in Resources */,
				CDED792F1A4FF49500F53C4E /* LaunchScreen.xib in Resources */,
				CDED792C1A4FF49500F53C4E /* Images.xcassets in Resources */,
			);
			runOnlyForDeploymentPostprocessing = 0;
		};
		CDED79321A4FF49500F53C4E /* Resources */ = {
			isa = PBXResourcesBuildPhase;
			buildActionMask = 2147483647;
			files = (
			);
			runOnlyForDeploymentPostprocessing = 0;
		};
/* End PBXResourcesBuildPhase section */

/* Begin PBXSourcesBuildPhase section */
		CDED791B1A4FF49300F53C4E /* Sources */ = {
			isa = PBXSourcesBuildPhase;
			buildActionMask = 2147483647;
			files = (
				CDED79271A4FF49400F53C4E /* ViewController.swift in Sources */,
				CDED79251A4FF49400F53C4E /* AppDelegate.swift in Sources */,
			);
			runOnlyForDeploymentPostprocessing = 0;
		};
		CDED79301A4FF49500F53C4E /* Sources */ = {
			isa = PBXSourcesBuildPhase;
			buildActionMask = 2147483647;
			files = (
				CDED793B1A4FF49500F53C4E /* Todo_ListTests.swift in Sources */,
			);
			runOnlyForDeploymentPostprocessing = 0;
		};
/* End PBXSourcesBuildPhase section */

/* Begin PBXTargetDependency section */
		CDED79361A4FF49500F53C4E /* PBXTargetDependency */ = {
			isa = PBXTargetDependency;
			target = CDED791E1A4FF49300F53C4E /* Todo List */;
			targetProxy = CDED79351A4FF49500F53C4E /* PBXContainerItemProxy */;
		};
/* End PBXTargetDependency section */

/* Begin PBXVariantGroup section */
		CDED79281A4FF49500F53C4E /* Main.storyboard */ = {
			isa = PBXVariantGroup;
			children = (
				CDED79291A4FF49500F53C4E /* Base */,
			);
			name = Main.storyboard;
			sourceTree = "<group>";
		};
		CDED792D1A4FF49500F53C4E /* LaunchScreen.xib */ = {
			isa = PBXVariantGroup;
			children = (
				CDED792E1A4FF49500F53C4E /* Base */,
			);
			name = LaunchScreen.xib;
			sourceTree = "<group>";
		};
/* End PBXVariantGroup section */

/* Begin XCBuildConfiguration section */
		CDED793C1A4FF49500F53C4E /* Debug */ = {
			isa = XCBuildConfiguration;
			buildSettings = {
				ALWAYS_SEARCH_USER_PATHS = NO;
				CLANG_CXX_LANGUAGE_STANDARD = "gnu++0x";
				CLANG_CXX_LIBRARY = "libc++";
				CLANG_ENABLE_MODULES = YES;
				CLANG_ENABLE_OBJC_ARC = YES;
				CLANG_WARN_BOOL_CONVERSION = YES;
				CLANG_WARN_CONSTANT_CONVERSION = YES;
				CLANG_WARN_DIRECT_OBJC_ISA_USAGE = YES_ERROR;
				CLANG_WARN_EMPTY_BODY = YES;
				CLANG_WARN_ENUM_CONVERSION = YES;
				CLANG_WARN_INT_CONVERSION = YES;
				CLANG_WARN_OBJC_ROOT_CLASS = YES_ERROR;
				CLANG_WARN_UNREACHABLE_CODE = YES;
				CLANG_WARN__DUPLICATE_METHOD_MATCH = YES;
				"CODE_SIGN_IDENTITY[sdk=iphoneos*]" = "iPhone Developer";
				COPY_PHASE_STRIP = NO;
				ENABLE_STRICT_OBJC_MSGSEND = YES;
				GCC_C_LANGUAGE_STANDARD = gnu99;
				GCC_DYNAMIC_NO_PIC = NO;
				GCC_OPTIMIZATION_LEVEL = 0;
				GCC_PREPROCESSOR_DEFINITIONS = (
					"DEBUG=1",
					"$(inherited)",
				);
				GCC_SYMBOLS_PRIVATE_EXTERN = NO;
				GCC_WARN_64_TO_32_BIT_CONVERSION = YES;
				GCC_WARN_ABOUT_RETURN_TYPE = YES_ERROR;
				GCC_WARN_UNDECLARED_SELECTOR = YES;
				GCC_WARN_UNINITIALIZED_AUTOS = YES_AGGRESSIVE;
				GCC_WARN_UNUSED_FUNCTION = YES;
				GCC_WARN_UNUSED_VARIABLE = YES;
				IPHONEOS_DEPLOYMENT_TARGET = 8.1;
				MTL_ENABLE_DEBUG_INFO = YES;
				ONLY_ACTIVE_ARCH = YES;
				SDKROOT = iphoneos;
				SWIFT_OPTIMIZATION_LEVEL = "-Onone";
				TARGETED_DEVICE_FAMILY = "1,2";
			};
			name = Debug;
		};
		CDED793D1A4FF49500F53C4E /* Release */ = {
			isa = XCBuildConfiguration;
			buildSettings = {
				ALWAYS_SEARCH_USER_PATHS = NO;
				CLANG_CXX_LANGUAGE_STANDARD = "gnu++0x";
				CLANG_CXX_LIBRARY = "libc++";
				CLANG_ENABLE_MODULES = YES;
				CLANG_ENABLE_OBJC_ARC = YES;
				CLANG_WARN_BOOL_CONVERSION = YES;
				CLANG_WARN_CONSTANT_CONVERSION = YES;
				CLANG_WARN_DIRECT_OBJC_ISA_USAGE = YES_ERROR;
				CLANG_WARN_EMPTY_BODY = YES;
				CLANG_WARN_ENUM_CONVERSION = YES;
				CLANG_WARN_INT_CONVERSION = YES;
				CLANG_WARN_OBJC_ROOT_CLASS = YES_ERROR;
				CLANG_WARN_UNREACHABLE_CODE = YES;
				CLANG_WARN__DUPLICATE_METHOD_MATCH = YES;
				"CODE_SIGN_IDENTITY[sdk=iphoneos*]" = "iPhone Developer";
				COPY_PHASE_STRIP = YES;
				ENABLE_NS_ASSERTIONS = NO;
				ENABLE_STRICT_OBJC_MSGSEND = YES;
				GCC_C_LANGUAGE_STANDARD = gnu99;
				GCC_WARN_64_TO_32_BIT_CONVERSION = YES;
				GCC_WARN_ABOUT_RETURN_TYPE = YES_ERROR;
				GCC_WARN_UNDECLARED_SELECTOR = YES;
				GCC_WARN_UNINITIALIZED_AUTOS = YES_AGGRESSIVE;
				GCC_WARN_UNUSED_FUNCTION = YES;
				GCC_WARN_UNUSED_VARIABLE = YES;
				IPHONEOS_DEPLOYMENT_TARGET = 8.1;
				MTL_ENABLE_DEBUG_INFO = NO;
				SDKROOT = iphoneos;
				TARGETED_DEVICE_FAMILY = "1,2";
				VALIDATE_PRODUCT = YES;
			};
			name = Release;
		};
		CDED793F1A4FF49500F53C4E /* Debug */ = {
			isa = XCBuildConfiguration;
			buildSettings = {
				ASSETCATALOG_COMPILER_APPICON_NAME = AppIcon;
				INFOPLIST_FILE = "Todo List/Info.plist";
				LD_RUNPATH_SEARCH_PATHS = "$(inherited) @executable_path/Frameworks";
				PRODUCT_NAME = "$(TARGET_NAME)";
			};
			name = Debug;
		};
		CDED79401A4FF49500F53C4E /* Release */ = {
			isa = XCBuildConfiguration;
			buildSettings = {
				ASSETCATALOG_COMPILER_APPICON_NAME = AppIcon;
				INFOPLIST_FILE = "Todo List/Info.plist";
				LD_RUNPATH_SEARCH_PATHS = "$(inherited) @executable_path/Frameworks";
				PRODUCT_NAME = "$(TARGET_NAME)";
			};
			name = Release;
		};
		CDED79421A4FF49500F53C4E /* Debug */ = {
			isa = XCBuildConfiguration;
			buildSettings = {
				BUNDLE_LOADER = "$(TEST_HOST)";
				FRAMEWORK_SEARCH_PATHS = (
					"$(SDKROOT)/Developer/Library/Frameworks",
					"$(inherited)",
				);
				GCC_PREPROCESSOR_DEFINITIONS = (
					"DEBUG=1",
					"$(inherited)",
				);
				INFOPLIST_FILE = "Todo ListTests/Info.plist";
				LD_RUNPATH_SEARCH_PATHS = "$(inherited) @executable_path/Frameworks @loader_path/Frameworks";
				PRODUCT_NAME = "$(TARGET_NAME)";
				TEST_HOST = "$(BUILT_PRODUCTS_DIR)/Todo List.app/Todo List";
			};
			name = Debug;
		};
		CDED79431A4FF49500F53C4E /* Release */ = {
			isa = XCBuildConfiguration;
			buildSettings = {
				BUNDLE_LOADER = "$(TEST_HOST)";
				FRAMEWORK_SEARCH_PATHS = (
					"$(SDKROOT)/Developer/Library/Frameworks",
					"$(inherited)",
				);
				INFOPLIST_FILE = "Todo ListTests/Info.plist";
				LD_RUNPATH_SEARCH_PATHS = "$(inherited) @executable_path/Frameworks @loader_path/Frameworks";
				PRODUCT_NAME = "$(TARGET_NAME)";
				TEST_HOST = "$(BUILT_PRODUCTS_DIR)/Todo List.app/Todo List";
			};
			name = Release;
		};
/* End XCBuildConfiguration section */

/* Begin XCConfigurationList section */
		CDED791A1A4FF49300F53C4E /* Build configuration list for PBXProject "Todo List" */ = {
			isa = XCConfigurationList;
			buildConfigurations = (
				CDED793C1A4FF49500F53C4E /* Debug */,
				CDED793D1A4FF49500F53C4E /* Release */,
			);
			defaultConfigurationIsVisible = 0;
			defaultConfigurationName = Release;
		};
		CDED793E1A4FF49500F53C4E /* Build configuration list for PBXNativeTarget "Todo List" */ = {
			isa = XCConfigurationList;
			buildConfigurations = (
				CDED793F1A4FF49500F53C4E /* Debug */,
				CDED79401A4FF49500F53C4E /* Release */,
			);
			defaultConfigurationIsVisible = 0;
		};
		CDED79411A4FF49500F53C4E /* Build configuration list for PBXNativeTarget "Todo ListTests" */ = {
			isa = XCConfigurationList;
			buildConfigurations = (
				CDED79421A4FF49500F53C4E /* Debug */,
				CDED79431A4FF49500F53C4E /* Release */,
			);
			defaultConfigurationIsVisible = 0;
		};
/* End XCConfigurationList section */
	};
	rootObject = CDED79171A4FF49200F53C4E /* Project object */;
}
